// !$*UTF8*$!
{
	archiveVersion = 1;
	classes = {
	};
	objectVersion = 50;
	objects = {

/* Begin PBXBuildFile section */
		3EA18C4C2314252E00AA0B22 /* AppDelegate.swift in Sources */ = {isa = PBXBuildFile; fileRef = 3EA18C4B2314252E00AA0B22 /* AppDelegate.swift */; };
		3EA18C512314252E00AA0B22 /* Main.storyboard in Resources */ = {isa = PBXBuildFile; fileRef = 3EA18C4F2314252E00AA0B22 /* Main.storyboard */; };
		3EA18C542314252E00AA0B22 /* PicWorld.xcdatamodeld in Sources */ = {isa = PBXBuildFile; fileRef = 3EA18C522314252E00AA0B22 /* PicWorld.xcdatamodeld */; };
		3EA18C562314252E00AA0B22 /* Assets.xcassets in Resources */ = {isa = PBXBuildFile; fileRef = 3EA18C552314252E00AA0B22 /* Assets.xcassets */; };
		3EA18C592314252E00AA0B22 /* LaunchScreen.storyboard in Resources */ = {isa = PBXBuildFile; fileRef = 3EA18C572314252E00AA0B22 /* LaunchScreen.storyboard */; };
		3EA18C61231425E800AA0B22 /* MapViewController.swift in Sources */ = {isa = PBXBuildFile; fileRef = 3EA18C60231425E800AA0B22 /* MapViewController.swift */; };
		3EA18C632314287500AA0B22 /* LocationAnnotation.swift in Sources */ = {isa = PBXBuildFile; fileRef = 3EA18C622314287500AA0B22 /* LocationAnnotation.swift */; };
		3EA18C652316347C00AA0B22 /* LocationTableViewCell.swift in Sources */ = {isa = PBXBuildFile; fileRef = 3EA18C642316347C00AA0B22 /* LocationTableViewCell.swift */; };
		3EA18C67231634FD00AA0B22 /* LocationTableViewController.swift in Sources */ = {isa = PBXBuildFile; fileRef = 3EA18C66231634FD00AA0B22 /* LocationTableViewController.swift */; };
		3EA18C6923178BEE00AA0B22 /* NewLocationViewController.swift in Sources */ = {isa = PBXBuildFile; fileRef = 3EA18C6823178BEE00AA0B22 /* NewLocationViewController.swift */; };
		3EA18C97231AB2F400AA0B22 /* Location+CoreDataClass.swift in Sources */ = {isa = PBXBuildFile; fileRef = 3EA18C95231AB2F400AA0B22 /* Location+CoreDataClass.swift */; };
		3EA18C98231AB2F400AA0B22 /* Location+CoreDataProperties.swift in Sources */ = {isa = PBXBuildFile; fileRef = 3EA18C96231AB2F400AA0B22 /* Location+CoreDataProperties.swift */; };
		3EA18C9B231AB36600AA0B22 /* DatabaseProtocol.swift in Sources */ = {isa = PBXBuildFile; fileRef = 3EA18C9A231AB36600AA0B22 /* DatabaseProtocol.swift */; };
		3EA18C9D231AB59200AA0B22 /* CoreDataController.swift in Sources */ = {isa = PBXBuildFile; fileRef = 3EA18C9C231AB59200AA0B22 /* CoreDataController.swift */; };
		3EA18C9F231AC0DC00AA0B22 /* MulticastDelegate.swift in Sources */ = {isa = PBXBuildFile; fileRef = 3EA18C9E231AC0DC00AA0B22 /* MulticastDelegate.swift */; };
		3EA18CA1231CCCC400AA0B22 /* DetailViewController.swift in Sources */ = {isa = PBXBuildFile; fileRef = 3EA18CA0231CCCC400AA0B22 /* DetailViewController.swift */; };
/* End PBXBuildFile section */

/* Begin PBXFileReference section */
		3EA18C482314252E00AA0B22 /* PicWorld.app */ = {isa = PBXFileReference; explicitFileType = wrapper.application; includeInIndex = 0; path = PicWorld.app; sourceTree = BUILT_PRODUCTS_DIR; };
		3EA18C4B2314252E00AA0B22 /* AppDelegate.swift */ = {isa = PBXFileReference; lastKnownFileType = sourcecode.swift; path = AppDelegate.swift; sourceTree = "<group>"; };
		3EA18C502314252E00AA0B22 /* Base */ = {isa = PBXFileReference; lastKnownFileType = file.storyboard; name = Base; path = Base.lproj/Main.storyboard; sourceTree = "<group>"; };
		3EA18C532314252E00AA0B22 /* PicWorld.xcdatamodel */ = {isa = PBXFileReference; lastKnownFileType = wrapper.xcdatamodel; path = PicWorld.xcdatamodel; sourceTree = "<group>"; };
		3EA18C552314252E00AA0B22 /* Assets.xcassets */ = {isa = PBXFileReference; lastKnownFileType = folder.assetcatalog; path = Assets.xcassets; sourceTree = "<group>"; };
		3EA18C582314252E00AA0B22 /* Base */ = {isa = PBXFileReference; lastKnownFileType = file.storyboard; name = Base; path = Base.lproj/LaunchScreen.storyboard; sourceTree = "<group>"; };
		3EA18C5A2314252E00AA0B22 /* Info.plist */ = {isa = PBXFileReference; lastKnownFileType = text.plist.xml; path = Info.plist; sourceTree = "<group>"; };
		3EA18C60231425E800AA0B22 /* MapViewController.swift */ = {isa = PBXFileReference; lastKnownFileType = sourcecode.swift; path = MapViewController.swift; sourceTree = "<group>"; };
		3EA18C622314287500AA0B22 /* LocationAnnotation.swift */ = {isa = PBXFileReference; lastKnownFileType = sourcecode.swift; path = LocationAnnotation.swift; sourceTree = "<group>"; };
		3EA18C642316347C00AA0B22 /* LocationTableViewCell.swift */ = {isa = PBXFileReference; lastKnownFileType = sourcecode.swift; path = LocationTableViewCell.swift; sourceTree = "<group>"; };
		3EA18C66231634FD00AA0B22 /* LocationTableViewController.swift */ = {isa = PBXFileReference; lastKnownFileType = sourcecode.swift; path = LocationTableViewController.swift; sourceTree = "<group>"; };
		3EA18C6823178BEE00AA0B22 /* NewLocationViewController.swift */ = {isa = PBXFileReference; lastKnownFileType = sourcecode.swift; path = NewLocationViewController.swift; sourceTree = "<group>"; };
		3EA18C902317CD1000AA0B22 /* Monash University - Caulfield.gpx */ = {isa = PBXFileReference; lastKnownFileType = text.xml; name = "Monash University - Caulfield.gpx"; path = "../../Downloads/Monash University - Caulfield.gpx"; sourceTree = "<group>"; };
		3EA18C95231AB2F400AA0B22 /* Location+CoreDataClass.swift */ = {isa = PBXFileReference; lastKnownFileType = sourcecode.swift; path = "Location+CoreDataClass.swift"; sourceTree = "<group>"; };
		3EA18C96231AB2F400AA0B22 /* Location+CoreDataProperties.swift */ = {isa = PBXFileReference; lastKnownFileType = sourcecode.swift; path = "Location+CoreDataProperties.swift"; sourceTree = "<group>"; };
		3EA18C9A231AB36600AA0B22 /* DatabaseProtocol.swift */ = {isa = PBXFileReference; lastKnownFileType = sourcecode.swift; path = DatabaseProtocol.swift; sourceTree = "<group>"; };
		3EA18C9C231AB59200AA0B22 /* CoreDataController.swift */ = {isa = PBXFileReference; lastKnownFileType = sourcecode.swift; path = CoreDataController.swift; sourceTree = "<group>"; };
		3EA18C9E231AC0DC00AA0B22 /* MulticastDelegate.swift */ = {isa = PBXFileReference; lastKnownFileType = sourcecode.swift; path = MulticastDelegate.swift; sourceTree = "<group>"; };
		3EA18CA0231CCCC400AA0B22 /* DetailViewController.swift */ = {isa = PBXFileReference; lastKnownFileType = sourcecode.swift; path = DetailViewController.swift; sourceTree = "<group>"; };
/* End PBXFileReference section */

/* Begin PBXFrameworksBuildPhase section */
		3EA18C452314252E00AA0B22 /* Frameworks */ = {
			isa = PBXFrameworksBuildPhase;
			buildActionMask = 2147483647;
			files = (
			);
			runOnlyForDeploymentPostprocessing = 0;
		};
/* End PBXFrameworksBuildPhase section */

/* Begin PBXGroup section */
		3EA18C3F2314252E00AA0B22 = {
			isa = PBXGroup;
			children = (
				3EA18C902317CD1000AA0B22 /* Monash University - Caulfield.gpx */,
				3EA18C4A2314252E00AA0B22 /* PicWorld */,
				3EA18C492314252E00AA0B22 /* Products */,
			);
			sourceTree = "<group>";
		};
		3EA18C492314252E00AA0B22 /* Products */ = {
			isa = PBXGroup;
			children = (
				3EA18C482314252E00AA0B22 /* PicWorld.app */,
			);
			name = Products;
			sourceTree = "<group>";
		};
		3EA18C4A2314252E00AA0B22 /* PicWorld */ = {
			isa = PBXGroup;
			children = (
				3EA18C99231AB34B00AA0B22 /* Database */,
				3EA18C91231A138500AA0B22 /* DataModel */,
				3EA18C4B2314252E00AA0B22 /* AppDelegate.swift */,
				3EA18C4F2314252E00AA0B22 /* Main.storyboard */,
				3EA18C552314252E00AA0B22 /* Assets.xcassets */,
				3EA18C572314252E00AA0B22 /* LaunchScreen.storyboard */,
				3EA18C5A2314252E00AA0B22 /* Info.plist */,
				3EA18C60231425E800AA0B22 /* MapViewController.swift */,
				3EA18C622314287500AA0B22 /* LocationAnnotation.swift */,
				3EA18C642316347C00AA0B22 /* LocationTableViewCell.swift */,
				3EA18C66231634FD00AA0B22 /* LocationTableViewController.swift */,
				3EA18C6823178BEE00AA0B22 /* NewLocationViewController.swift */,
				3EA18CA0231CCCC400AA0B22 /* DetailViewController.swift */,
			);
			path = PicWorld;
			sourceTree = "<group>";
		};
		3EA18C91231A138500AA0B22 /* DataModel */ = {
			isa = PBXGroup;
			children = (
				3EA18C95231AB2F400AA0B22 /* Location+CoreDataClass.swift */,
				3EA18C96231AB2F400AA0B22 /* Location+CoreDataProperties.swift */,
				3EA18C522314252E00AA0B22 /* PicWorld.xcdatamodeld */,
			);
			path = DataModel;
			sourceTree = "<group>";
		};
		3EA18C99231AB34B00AA0B22 /* Database */ = {
			isa = PBXGroup;
			children = (
				3EA18C9A231AB36600AA0B22 /* DatabaseProtocol.swift */,
				3EA18C9C231AB59200AA0B22 /* CoreDataController.swift */,
				3EA18C9E231AC0DC00AA0B22 /* MulticastDelegate.swift */,
			);
			path = Database;
			sourceTree = "<group>";
		};
/* End PBXGroup section */

/* Begin PBXNativeTarget section */
		3EA18C472314252E00AA0B22 /* PicWorld */ = {
			isa = PBXNativeTarget;
			buildConfigurationList = 3EA18C5D2314252E00AA0B22 /* Build configuration list for PBXNativeTarget "PicWorld" */;
			buildPhases = (
				3EA18C442314252E00AA0B22 /* Sources */,
				3EA18C452314252E00AA0B22 /* Frameworks */,
				3EA18C462314252E00AA0B22 /* Resources */,
			);
			buildRules = (
			);
			dependencies = (
			);
			name = PicWorld;
			productName = PicWorld;
			productReference = 3EA18C482314252E00AA0B22 /* PicWorld.app */;
			productType = "com.apple.product-type.application";
		};
/* End PBXNativeTarget section */

/* Begin PBXProject section */
		3EA18C402314252E00AA0B22 /* Project object */ = {
			isa = PBXProject;
			attributes = {
				LastSwiftUpdateCheck = 1030;
				LastUpgradeCheck = 1030;
				ORGANIZATIONNAME = "Lu Yang";
				TargetAttributes = {
					3EA18C472314252E00AA0B22 = {
						CreatedOnToolsVersion = 10.3;
					};
				};
			};
			buildConfigurationList = 3EA18C432314252E00AA0B22 /* Build configuration list for PBXProject "PicWorld" */;
			compatibilityVersion = "Xcode 9.3";
			developmentRegion = en;
			hasScannedForEncodings = 0;
			knownRegions = (
				en,
				Base,
			);
			mainGroup = 3EA18C3F2314252E00AA0B22;
			productRefGroup = 3EA18C492314252E00AA0B22 /* Products */;
			projectDirPath = "";
			projectRoot = "";
			targets = (
				3EA18C472314252E00AA0B22 /* PicWorld */,
			);
		};
/* End PBXProject section */

/* Begin PBXResourcesBuildPhase section */
		3EA18C462314252E00AA0B22 /* Resources */ = {
			isa = PBXResourcesBuildPhase;
			buildActionMask = 2147483647;
			files = (
				3EA18C592314252E00AA0B22 /* LaunchScreen.storyboard in Resources */,
				3EA18C562314252E00AA0B22 /* Assets.xcassets in Resources */,
				3EA18C512314252E00AA0B22 /* Main.storyboard in Resources */,
			);
			runOnlyForDeploymentPostprocessing = 0;
		};
/* End PBXResourcesBuildPhase section */

/* Begin PBXSourcesBuildPhase section */
		3EA18C442314252E00AA0B22 /* Sources */ = {
			isa = PBXSourcesBuildPhase;
			buildActionMask = 2147483647;
			files = (
				3EA18CA1231CCCC400AA0B22 /* DetailViewController.swift in Sources */,
				3EA18C542314252E00AA0B22 /* PicWorld.xcdatamodeld in Sources */,
				3EA18C652316347C00AA0B22 /* LocationTableViewCell.swift in Sources */,
				3EA18C6923178BEE00AA0B22 /* NewLocationViewController.swift in Sources */,
				3EA18C67231634FD00AA0B22 /* LocationTableViewController.swift in Sources */,
				3EA18C9B231AB36600AA0B22 /* DatabaseProtocol.swift in Sources */,
				3EA18C97231AB2F400AA0B22 /* Location+CoreDataClass.swift in Sources */,
				3EA18C9D231AB59200AA0B22 /* CoreDataController.swift in Sources */,
				3EA18C98231AB2F400AA0B22 /* Location+CoreDataProperties.swift in Sources */,
				3EA18C61231425E800AA0B22 /* MapViewController.swift in Sources */,
				3EA18C4C2314252E00AA0B22 /* AppDelegate.swift in Sources */,
				3EA18C632314287500AA0B22 /* LocationAnnotation.swift in Sources */,
				3EA18C9F231AC0DC00AA0B22 /* MulticastDelegate.swift in Sources */,
			);
			runOnlyForDeploymentPostprocessing = 0;
		};
/* End PBXSourcesBuildPhase section */

/* Begin PBXVariantGroup section */
		3EA18C4F2314252E00AA0B22 /* Main.storyboard */ = {
			isa = PBXVariantGroup;
			children = (
				3EA18C502314252E00AA0B22 /* Base */,
			);
			name = Main.storyboard;
			sourceTree = "<group>";
		};
		3EA18C572314252E00AA0B22 /* LaunchScreen.storyboard */ = {
			isa = PBXVariantGroup;
			children = (
				3EA18C582314252E00AA0B22 /* Base */,
			);
			name = LaunchScreen.storyboard;
			sourceTree = "<group>";
		};
/* End PBXVariantGroup section */

/* Begin XCBuildConfiguration section */
		3EA18C5B2314252E00AA0B22 /* Debug */ = {
			isa = XCBuildConfiguration;
			buildSettings = {
				ALWAYS_SEARCH_USER_PATHS = NO;
				CLANG_ANALYZER_NONNULL = YES;
				CLANG_ANALYZER_NUMBER_OBJECT_CONVERSION = YES_AGGRESSIVE;
				CLANG_CXX_LANGUAGE_STANDARD = "gnu++14";
				CLANG_CXX_LIBRARY = "libc++";
				CLANG_ENABLE_MODULES = YES;
				CLANG_ENABLE_OBJC_ARC = YES;
				CLANG_ENABLE_OBJC_WEAK = YES;
				CLANG_WARN_BLOCK_CAPTURE_AUTORELEASING = YES;
				CLANG_WARN_BOOL_CONVERSION = YES;
				CLANG_WARN_COMMA = YES;
				CLANG_WARN_CONSTANT_CONVERSION = YES;
				CLANG_WARN_DEPRECATED_OBJC_IMPLEMENTATIONS = YES;
				CLANG_WARN_DIRECT_OBJC_ISA_USAGE = YES_ERROR;
				CLANG_WARN_DOCUMENTATION_COMMENTS = YES;
				CLANG_WARN_EMPTY_BODY = YES;
				CLANG_WARN_ENUM_CONVERSION = YES;
				CLANG_WARN_INFINITE_RECURSION = YES;
				CLANG_WARN_INT_CONVERSION = YES;
				CLANG_WARN_NON_LITERAL_NULL_CONVERSION = YES;
				CLANG_WARN_OBJC_IMPLICIT_RETAIN_SELF = YES;
				CLANG_WARN_OBJC_LITERAL_CONVERSION = YES;
				CLANG_WARN_OBJC_ROOT_CLASS = YES_ERROR;
				CLANG_WARN_RANGE_LOOP_ANALYSIS = YES;
				CLANG_WARN_STRICT_PROTOTYPES = YES;
				CLANG_WARN_SUSPICIOUS_MOVE = YES;
				CLANG_WARN_UNGUARDED_AVAILABILITY = YES_AGGRESSIVE;
				CLANG_WARN_UNREACHABLE_CODE = YES;
				CLANG_WARN__DUPLICATE_METHOD_MATCH = YES;
				CODE_SIGN_IDENTITY = "iPhone Developer";
				COPY_PHASE_STRIP = NO;
				DEBUG_INFORMATION_FORMAT = dwarf;
				ENABLE_STRICT_OBJC_MSGSEND = YES;
				ENABLE_TESTABILITY = YES;
				GCC_C_LANGUAGE_STANDARD = gnu11;
				GCC_DYNAMIC_NO_PIC = NO;
				GCC_NO_COMMON_BLOCKS = YES;
				GCC_OPTIMIZATION_LEVEL = 0;
				GCC_PREPROCESSOR_DEFINITIONS = (
					"DEBUG=1",
					"$(inherited)",
				);
				GCC_WARN_64_TO_32_BIT_CONVERSION = YES;
				GCC_WARN_ABOUT_RETURN_TYPE = YES_ERROR;
				GCC_WARN_UNDECLARED_SELECTOR = YES;
				GCC_WARN_UNINITIALIZED_AUTOS = YES_AGGRESSIVE;
				GCC_WARN_UNUSED_FUNCTION = YES;
				GCC_WARN_UNUSED_VARIABLE = YES;
				IPHONEOS_DEPLOYMENT_TARGET = 12.4;
				MTL_ENABLE_DEBUG_INFO = INCLUDE_SOURCE;
				MTL_FAST_MATH = YES;
				ONLY_ACTIVE_ARCH = YES;
				SDKROOT = iphoneos;
				SWIFT_ACTIVE_COMPILATION_CONDITIONS = DEBUG;
				SWIFT_OPTIMIZATION_LEVEL = "-Onone";
			};
			name = Debug;
		};
		3EA18C5C2314252E00AA0B22 /* Release */ = {
			isa = XCBuildConfiguration;
			buildSettings = {
				ALWAYS_SEARCH_USER_PATHS = NO;
				CLANG_ANALYZER_NONNULL = YES;
				CLANG_ANALYZER_NUMBER_OBJECT_CONVERSION = YES_AGGRESSIVE;
				CLANG_CXX_LANGUAGE_STANDARD = "gnu++14";
				CLANG_CXX_LIBRARY = "libc++";
				CLANG_ENABLE_MODULES = YES;
				CLANG_ENABLE_OBJC_ARC = YES;
				CLANG_ENABLE_OBJC_WEAK = YES;
				CLANG_WARN_BLOCK_CAPTURE_AUTORELEASING = YES;
				CLANG_WARN_BOOL_CONVERSION = YES;
				CLANG_WARN_COMMA = YES;
				CLANG_WARN_CONSTANT_CONVERSION = YES;
				CLANG_WARN_DEPRECATED_OBJC_IMPLEMENTATIONS = YES;
				CLANG_WARN_DIRECT_OBJC_ISA_USAGE = YES_ERROR;
				CLANG_WARN_DOCUMENTATION_COMMENTS = YES;
				CLANG_WARN_EMPTY_BODY = YES;
				CLANG_WARN_ENUM_CONVERSION = YES;
				CLANG_WARN_INFINITE_RECURSION = YES;
				CLANG_WARN_INT_CONVERSION = YES;
				CLANG_WARN_NON_LITERAL_NULL_CONVERSION = YES;
				CLANG_WARN_OBJC_IMPLICIT_RETAIN_SELF = YES;
				CLANG_WARN_OBJC_LITERAL_CONVERSION = YES;
				CLANG_WARN_OBJC_ROOT_CLASS = YES_ERROR;
				CLANG_WARN_RANGE_LOOP_ANALYSIS = YES;
				CLANG_WARN_STRICT_PROTOTYPES = YES;
				CLANG_WARN_SUSPICIOUS_MOVE = YES;
				CLANG_WARN_UNGUARDED_AVAILABILITY = YES_AGGRESSIVE;
				CLANG_WARN_UNREACHABLE_CODE = YES;
				CLANG_WARN__DUPLICATE_METHOD_MATCH = YES;
				CODE_SIGN_IDENTITY = "iPhone Developer";
				COPY_PHASE_STRIP = NO;
				DEBUG_INFORMATION_FORMAT = "dwarf-with-dsym";
				ENABLE_NS_ASSERTIONS = NO;
				ENABLE_STRICT_OBJC_MSGSEND = YES;
				GCC_C_LANGUAGE_STANDARD = gnu11;
				GCC_NO_COMMON_BLOCKS = YES;
				GCC_WARN_64_TO_32_BIT_CONVERSION = YES;
				GCC_WARN_ABOUT_RETURN_TYPE = YES_ERROR;
				GCC_WARN_UNDECLARED_SELECTOR = YES;
				GCC_WARN_UNINITIALIZED_AUTOS = YES_AGGRESSIVE;
				GCC_WARN_UNUSED_FUNCTION = YES;
				GCC_WARN_UNUSED_VARIABLE = YES;
				IPHONEOS_DEPLOYMENT_TARGET = 12.4;
				MTL_ENABLE_DEBUG_INFO = NO;
				MTL_FAST_MATH = YES;
				SDKROOT = iphoneos;
				SWIFT_COMPILATION_MODE = wholemodule;
				SWIFT_OPTIMIZATION_LEVEL = "-O";
				VALIDATE_PRODUCT = YES;
			};
			name = Release;
		};
		3EA18C5E2314252E00AA0B22 /* Debug */ = {
			isa = XCBuildConfiguration;
			buildSettings = {
				ASSETCATALOG_COMPILER_APPICON_NAME = AppIcon;
				CODE_SIGN_STYLE = Automatic;
				DEVELOPMENT_TEAM = MCNVZ8WK6A;
				INFOPLIST_FILE = PicWorld/Info.plist;
				LD_RUNPATH_SEARCH_PATHS = (
					"$(inherited)",
					"@executable_path/Frameworks",
				);
				PRODUCT_BUNDLE_IDENTIFIER = yalu.PicWorld;
				PRODUCT_NAME = "$(TARGET_NAME)";
				SWIFT_VERSION = 5.0;
				TARGETED_DEVICE_FAMILY = "1,2";
			};
			name = Debug;
		};
		3EA18C5F2314252E00AA0B22 /* Release */ = {
			isa = XCBuildConfiguration;
			buildSettings = {
				ASSETCATALOG_COMPILER_APPICON_NAME = AppIcon;
				CODE_SIGN_STYLE = Automatic;
				DEVELOPMENT_TEAM = MCNVZ8WK6A;
				INFOPLIST_FILE = PicWorld/Info.plist;
				LD_RUNPATH_SEARCH_PATHS = (
					"$(inherited)",
					"@executable_path/Frameworks",
				);
				PRODUCT_BUNDLE_IDENTIFIER = yalu.PicWorld;
				PRODUCT_NAME = "$(TARGET_NAME)";
				SWIFT_VERSION = 5.0;
				TARGETED_DEVICE_FAMILY = "1,2";
			};
			name = Release;
		};
/* End XCBuildConfiguration section */

/* Begin XCConfigurationList section */
		3EA18C432314252E00AA0B22 /* Build configuration list for PBXProject "PicWorld" */ = {
			isa = XCConfigurationList;
			buildConfigurations = (
				3EA18C5B2314252E00AA0B22 /* Debug */,
				3EA18C5C2314252E00AA0B22 /* Release */,
			);
			defaultConfigurationIsVisible = 0;
			defaultConfigurationName = Release;
		};
		3EA18C5D2314252E00AA0B22 /* Build configuration list for PBXNativeTarget "PicWorld" */ = {
			isa = XCConfigurationList;
			buildConfigurations = (
				3EA18C5E2314252E00AA0B22 /* Debug */,
				3EA18C5F2314252E00AA0B22 /* Release */,
			);
			defaultConfigurationIsVisible = 0;
			defaultConfigurationName = Release;
		};
/* End XCConfigurationList section */

/* Begin XCVersionGroup section */
		3EA18C522314252E00AA0B22 /* PicWorld.xcdatamodeld */ = {
			isa = XCVersionGroup;
			children = (
				3EA18C532314252E00AA0B22 /* PicWorld.xcdatamodel */,
			);
			currentVersion = 3EA18C532314252E00AA0B22 /* PicWorld.xcdatamodel */;
			path = PicWorld.xcdatamodeld;
			sourceTree = "<group>";
			versionGroupType = wrapper.xcdatamodel;
		};
/* End XCVersionGroup section */
	};
	rootObject = 3EA18C402314252E00AA0B22 /* Project object */;
}
